
Microsoft Visual Studio Solution File, Format Version 12.00
# Visual Studio Version 17
VisualStudioVersion = 17.4.33205.214
MinimumVisualStudioVersion = 10.0.40219.1
Project("{FAE04EC0-301F-11D3-BF4B-00C04F79EFBC}") = "OutlookWebAppManInTheMiddle", "OutlookWebAppManInTheMiddle\OutlookWebAppManInTheMiddle.csproj", "{B26D5091-8C84-43A8-8B75-68B5F7ACEF81}"
EndProject
Global
	GlobalSection(SolutionConfigurationPlatforms) = preSolution
		Debug|Any CPU = Debug|Any CPU
		Release|Any CPU = Release|Any CPU
	EndGlobalSection
	GlobalSection(ProjectConfigurationPlatforms) = postSolution
		{B26D5091-8C84-43A8-8B75-68B5F7ACEF81}.Debug|Any CPU.ActiveCfg = Debug|Any CPU
		{B26D5091-8C84-43A8-8B75-68B5F7ACEF81}.Debug|Any CPU.Build.0 = Debug|Any CPU
		{B26D5091-8C84-43A8-8B75-68B5F7ACEF81}.Release|Any CPU.ActiveCfg = Release|Any CPU
		{B26D5091-8C84-43A8-8B75-68B5F7ACEF81}.Release|Any CPU.Build.0 = Release|Any CPU
	EndGlobalSection
	GlobalSection(SolutionProperties) = preSolution
		HideSolutionNode = FALSE
	EndGlobalSection
	GlobalSection(ExtensibilityGlobals) = postSolution
		SolutionGuid = {135E3D5F-762F-42C0-9CED-F8E6C3FE07F2}
	EndGlobalSection
EndGlobal
